lockfileVersion: '9.0'

settings:
  autoInstallPeers: true
  excludeLinksFromLockfile: false

importers:

  .:
    dependencies:
      pnpm:
        specifier: 8.15.4
        version: 8.15.4

packages:

  pnpm@8.15.4:
    resolution: {integrity: sha512-C9Opvp6w6aaSZ23uwAowO6IYuiedmSQUdWFrOY267t0RFG+SwoQ0WPVXsdEn4J1MFx4QW9zWthACs5aFqAFrng==}
    engines: {node: '>=16.14'}
    hasBin: true

snapshots:

  pnpm@8.15.4: {}
